<?xml version="1.0" encoding="utf-8"?>
<Project ToolsVersion="4.0" xmlns="http://schemas.microsoft.com/developer/msbuild/2003">
  <ItemGroup>
    <Filter Include="Source Files">
      <UniqueIdentifier>{4FC737F1-C7A5-4376-A066-2A32D752A2FF}</UniqueIdentifier>
      <Extensions>cpp;c;cc;cxx;c++;cppm;ixx;def;odl;idl;hpj;bat;asm;asmx</Extensions>
    </Filter>
    <Filter Include="Header Files">
      <UniqueIdentifier>{93995380-89BD-4b04-88EB-625FBE52EBFB}</UniqueIdentifier>
      <Extensions>h;hh;hpp;hxx;h++;hm;inl;inc;ipp;xsd</Extensions>
    </Filter>
    <Filter Include="Resource Files">
      <UniqueIdentifier>{67DA6AB6-F800-4c08-8B7A-83BB121AAD01}</UniqueIdentifier>
      <Extensions>rc;ico;cur;bmp;dlg;rc2;rct;bin;rgs;gif;jpg;jpeg;jpe;resx;tiff;tif;png;wav;mfcribbon-ms</Extensions>
    </Filter>
    <Filter Include="Source Files\imgui">
      <UniqueIdentifier>{fcf84cc3-6e71-46fb-a0c0-44566c794535}</UniqueIdentifier>
    </Filter>
    <Filter Include="Source Files\imgui\backends">
      <UniqueIdentifier>{e61fd7f3-9a17-4556-bd5d-383ff844c78a}</UniqueIdentifier>
    </Filter>
    <Filter Include="Header Files\imgui">
      <UniqueIdentifier>{0c61bca7-5c50-453f-9c7c-cfb170bea833}</UniqueIdentifier>
    </Filter>
    <Filter Include="Source Files\jsoncpp">
      <UniqueIdentifier>{d3882381-7afd-4389-b6a9-ac78d0defcf4}</UniqueIdentifier>
    </Filter>
    <Filter Include="Header Files\jsoncpp">
      <UniqueIdentifier>{7e08bde9-cebe-45be-91b1-c6e6152ec8b5}</UniqueIdentifier>
    </Filter>
  </ItemGroup>
  <ItemGroup>
    <ClCompile Include="Source\Main.cpp">
      <Filter>Source Files</Filter>
    </ClCompile>
    <ClCompile Include="Source\level_editor.cpp">
      <Filter>Source Files</Filter>
    </ClCompile>
    <ClCompile Include="Extern\ImGUI\imgui.cpp">
      <Filter>Source Files\imgui</Filter>
    </ClCompile>
    <ClCompile Include="Extern\ImGUI\imgui_demo.cpp">
      <Filter>Source Files\imgui</Filter>
    </ClCompile>
    <ClCompile Include="Extern\ImGUI\imgui_draw.cpp">
      <Filter>Source Files\imgui</Filter>
    </ClCompile>
    <ClCompile Include="Extern\ImGUI\imgui_impl_opengl3.cpp">
      <Filter>Source Files\imgui</Filter>
    </ClCompile>
    <ClCompile Include="Extern\ImGUI\imgui_impl_win32.cpp">
      <Filter>Source Files\imgui</Filter>
    </ClCompile>
    <ClCompile Include="Extern\ImGUI\imgui_tables.cpp">
      <Filter>Source Files\imgui</Filter>
    </ClCompile>
    <ClCompile Include="Extern\ImGUI\imgui_widgets.cpp">
      <Filter>Source Files\imgui</Filter>
    </ClCompile>
    <ClCompile Include="Extern\jsoncpp\src\json_reader.cpp">
      <Filter>Source Files\jsoncpp</Filter>
    </ClCompile>
    <ClCompile Include="Extern\jsoncpp\src\json_value.cpp">
      <Filter>Source Files\jsoncpp</Filter>
    </ClCompile>
    <ClCompile Include="Extern\jsoncpp\src\json_writer.cpp">
      <Filter>Source Files\jsoncpp</Filter>
    </ClCompile>
  </ItemGroup>
  <ItemGroup>
    <ClInclude Include="Source\component.hpp">
      <Filter>Header Files</Filter>
    </ClInclude>
    <ClInclude Include="Source\gameobject.hpp">
      <Filter>Header Files</Filter>
    </ClInclude>
    <ClInclude Include="Source\math.hpp">
      <Filter>Header Files</Filter>
    </ClInclude>
    <ClInclude Include="Source\scene.hpp">
      <Filter>Header Files</Filter>
    </ClInclude>
    <ClInclude Include="Source\scene_parser.hpp">
      <Filter>Header Files</Filter>
    </ClInclude>
    <ClInclude Include="Source\scene_editor.hpp">
      <Filter>Header Files</Filter>
    </ClInclude>
    <ClInclude Include="Extern\ImGUI\imstb_truetype.h">
      <Filter>Header Files\imgui</Filter>
    </ClInclude>
    <ClInclude Include="Extern\ImGUI\imconfig.h">
      <Filter>Header Files\imgui</Filter>
    </ClInclude>
    <ClInclude Include="Extern\ImGUI\imgui.h">
      <Filter>Header Files\imgui</Filter>
    </ClInclude>
    <ClInclude Include="Extern\ImGUI\imgui_impl_opengl3.h">
      <Filter>Header Files\imgui</Filter>
    </ClInclude>
    <ClInclude Include="Extern\ImGUI\imgui_impl_opengl3_loader.h">
      <Filter>Header Files\imgui</Filter>
    </ClInclude>
    <ClInclude Include="Extern\ImGUI\imgui_impl_win32.h">
      <Filter>Header Files\imgui</Filter>
    </ClInclude>
    <ClInclude Include="Extern\ImGUI\imgui_internal.h">
      <Filter>Header Files\imgui</Filter>
    </ClInclude>
    <ClInclude Include="Extern\ImGUI\imstb_rectpack.h">
      <Filter>Header Files\imgui</Filter>
    </ClInclude>
    <ClInclude Include="Extern\ImGUI\imstb_textedit.h">
      <Filter>Header Files\imgui</Filter>
    </ClInclude>
    <ClInclude Include="Extern\jsoncpp\include\config.h">
      <Filter>Header Files\jsoncpp</Filter>
    </ClInclude>
    <ClInclude Include="Extern\jsoncpp\include\forwards.h">
      <Filter>Header Files\jsoncpp</Filter>
    </ClInclude>
    <ClInclude Include="Extern\jsoncpp\include\allocator.h">
      <Filter>Header Files\jsoncpp</Filter>
    </ClInclude>
    <ClInclude Include="Extern\jsoncpp\include\assertions.h">
      <Filter>Header Files\jsoncpp</Filter>
    </ClInclude>
    <ClInclude Include="Extern\jsoncpp\include\json.h">
      <Filter>Header Files\jsoncpp</Filter>
    </ClInclude>
    <ClInclude Include="Extern\jsoncpp\include\json_features.h">
      <Filter>Header Files\jsoncpp</Filter>
    </ClInclude>
    <ClInclude Include="Extern\jsoncpp\src\json_tool.h">
      <Filter>Header Files\jsoncpp</Filter>
    </ClInclude>
    <ClInclude Include="Extern\jsoncpp\include\reader.h">
      <Filter>Header Files\jsoncpp</Filter>
    </ClInclude>
    <ClInclude Include="Extern\jsoncpp\include\value.h">
      <Filter>Header Files\jsoncpp</Filter>
    </ClInclude>
    <ClInclude Include="Extern\jsoncpp\include\version.h">
      <Filter>Header Files\jsoncpp</Filter>
    </ClInclude>
    <ClInclude Include="Extern\jsoncpp\include\writer.h">
      <Filter>Header Files\jsoncpp</Filter>
    </ClInclude>
  </ItemGroup>
  <ItemGroup>
    <None Include="Extern\jsoncpp\src\json_valueiterator.inl">
      <Filter>Header Files\jsoncpp</Filter>
    </None>
  </ItemGroup>
</Project>